
Microsoft Visual Studio Solution File, Format Version 12.00
# Visual Studio Version 17
VisualStudioVersion = 17.1.32210.238
MinimumVisualStudioVersion = 10.0.40219.1
Project("{9A19103F-16F7-4668-BE54-9A1E7A4F7556}") = "PluginFramework", "PluginFramework\PluginFramework.csproj", "{919A9276-92AB-4E79-B605-7384D68EF8AB}"
EndProject
Project("{2150E333-8FDC-42A3-9474-1A3956D46DE8}") = "Plugins", "Plugins", "{709AF6D6-FF0E-481D-93C4-31BD34825674}"
EndProject
Project("{9A19103F-16F7-4668-BE54-9A1E7A4F7556}") = "PluginA", "PluginA\PluginA.csproj", "{F08401E3-8CA9-4454-8DE6-8A920DB5921C}"
EndProject
Project("{9A19103F-16F7-4668-BE54-9A1E7A4F7556}") = "PluginB", "PluginB\PluginB.csproj", "{1DC6461E-48AD-4373-8B99-BB15E13AA1DA}"
EndProject
Project("{9A19103F-16F7-4668-BE54-9A1E7A4F7556}") = "WebApplication2", "WebApplication2\WebApplication2.csproj", "{06718359-71D9-4E16-A11D-9C60293EA66B}"
EndProject
Project("{9A19103F-16F7-4668-BE54-9A1E7A4F7556}") = "PluginWebAPI", "PluginWebAPI\PluginWebAPI.csproj", "{B607AFDA-C01C-43C9-A3A5-132C2FC7E674}"
EndProject
Project("{9A19103F-16F7-4668-BE54-9A1E7A4F7556}") = "TouchsocketTEST", "TouchsocketTEST\TouchsocketTEST.csproj", "{3B2385C0-170F-4350-8DE3-F3C6A878D726}"
EndProject
Project("{9A19103F-16F7-4668-BE54-9A1E7A4F7556}") = "TouchSocketTest2", "TouchSocketTest2\TouchSocketTest2.csproj", "{84194B83-7294-419E-87A8-8BD28A852D23}"
EndProject
Project("{2150E333-8FDC-42A3-9474-1A3956D46DE8}") = "Winform", "Winform", "{20310A60-4EF4-4BEA-A31D-18374026B22C}"
EndProject
Project("{9A19103F-16F7-4668-BE54-9A1E7A4F7556}") = "WinFormPluginFrameworkTest", "WinFormPluginFrameworkTest\WinFormPluginFrameworkTest.csproj", "{25FB880E-6CDD-4FAA-94C8-AC2E3E5C53B1}"
EndProject
Project("{2150E333-8FDC-42A3-9474-1A3956D46DE8}") = "PluginFrameworkCommunication", "PluginFrameworkCommunication", "{8B4D2EBF-6FFD-4AEE-8736-27A78513C007}"
EndProject
Project("{9A19103F-16F7-4668-BE54-9A1E7A4F7556}") = "PFC", "PFC\PFC.csproj", "{E7229C2D-2A9C-4C7A-8071-17F5EC2424DC}"
EndProject
Project("{2150E333-8FDC-42A3-9474-1A3956D46DE8}") = "TouchSocket", "TouchSocket", "{72BC6B54-F043-4E76-B420-F47280708AA9}"
EndProject
Project("{2150E333-8FDC-42A3-9474-1A3956D46DE8}") = "OpcService", "OpcService", "{1D3FAA9E-1977-42C5-AAA1-3F6124C7BF8F}"
EndProject
Project("{FAE04EC0-301F-11D3-BF4B-00C04F79EFBC}") = "OpcuaServer", "OpcuaServer\OpcuaServer.csproj", "{CE664E4F-8933-422C-BF70-1F8D11BA9DE1}"
EndProject
Project("{FAE04EC0-301F-11D3-BF4B-00C04F79EFBC}") = "OpcuaClient", "OpcuaClient\OpcuaClient.csproj", "{3BDB2CF6-C855-4D09-81D9-9AD2DBE4A376}"
EndProject
Global
	GlobalSection(SolutionConfigurationPlatforms) = preSolution
		Debug|Any CPU = Debug|Any CPU
		Release|Any CPU = Release|Any CPU
	EndGlobalSection
	GlobalSection(ProjectConfigurationPlatforms) = postSolution
		{919A9276-92AB-4E79-B605-7384D68EF8AB}.Debug|Any CPU.ActiveCfg = Debug|Any CPU
		{919A9276-92AB-4E79-B605-7384D68EF8AB}.Debug|Any CPU.Build.0 = Debug|Any CPU
		{919A9276-92AB-4E79-B605-7384D68EF8AB}.Release|Any CPU.ActiveCfg = Release|Any CPU
		{919A9276-92AB-4E79-B605-7384D68EF8AB}.Release|Any CPU.Build.0 = Release|Any CPU
		{F08401E3-8CA9-4454-8DE6-8A920DB5921C}.Debug|Any CPU.ActiveCfg = Debug|Any CPU
		{F08401E3-8CA9-4454-8DE6-8A920DB5921C}.Debug|Any CPU.Build.0 = Debug|Any CPU
		{F08401E3-8CA9-4454-8DE6-8A920DB5921C}.Release|Any CPU.ActiveCfg = Release|Any CPU
		{F08401E3-8CA9-4454-8DE6-8A920DB5921C}.Release|Any CPU.Build.0 = Release|Any CPU
		{1DC6461E-48AD-4373-8B99-BB15E13AA1DA}.Debug|Any CPU.ActiveCfg = Debug|Any CPU
		{1DC6461E-48AD-4373-8B99-BB15E13AA1DA}.Debug|Any CPU.Build.0 = Debug|Any CPU
		{1DC6461E-48AD-4373-8B99-BB15E13AA1DA}.Release|Any CPU.ActiveCfg = Release|Any CPU
		{1DC6461E-48AD-4373-8B99-BB15E13AA1DA}.Release|Any CPU.Build.0 = Release|Any CPU
		{06718359-71D9-4E16-A11D-9C60293EA66B}.Debug|Any CPU.ActiveCfg = Debug|Any CPU
		{06718359-71D9-4E16-A11D-9C60293EA66B}.Debug|Any CPU.Build.0 = Debug|Any CPU
		{06718359-71D9-4E16-A11D-9C60293EA66B}.Release|Any CPU.ActiveCfg = Release|Any CPU
		{06718359-71D9-4E16-A11D-9C60293EA66B}.Release|Any CPU.Build.0 = Release|Any CPU
		{B607AFDA-C01C-43C9-A3A5-132C2FC7E674}.Debug|Any CPU.ActiveCfg = Debug|Any CPU
		{B607AFDA-C01C-43C9-A3A5-132C2FC7E674}.Debug|Any CPU.Build.0 = Debug|Any CPU
		{B607AFDA-C01C-43C9-A3A5-132C2FC7E674}.Release|Any CPU.ActiveCfg = Release|Any CPU
		{B607AFDA-C01C-43C9-A3A5-132C2FC7E674}.Release|Any CPU.Build.0 = Release|Any CPU
		{3B2385C0-170F-4350-8DE3-F3C6A878D726}.Debug|Any CPU.ActiveCfg = Debug|Any CPU
		{3B2385C0-170F-4350-8DE3-F3C6A878D726}.Debug|Any CPU.Build.0 = Debug|Any CPU
		{3B2385C0-170F-4350-8DE3-F3C6A878D726}.Release|Any CPU.ActiveCfg = Release|Any CPU
		{3B2385C0-170F-4350-8DE3-F3C6A878D726}.Release|Any CPU.Build.0 = Release|Any CPU
		{84194B83-7294-419E-87A8-8BD28A852D23}.Debug|Any CPU.ActiveCfg = Debug|Any CPU
		{84194B83-7294-419E-87A8-8BD28A852D23}.Debug|Any CPU.Build.0 = Debug|Any CPU
		{84194B83-7294-419E-87A8-8BD28A852D23}.Release|Any CPU.ActiveCfg = Release|Any CPU
		{84194B83-7294-419E-87A8-8BD28A852D23}.Release|Any CPU.Build.0 = Release|Any CPU
		{25FB880E-6CDD-4FAA-94C8-AC2E3E5C53B1}.Debug|Any CPU.ActiveCfg = Debug|Any CPU
		{25FB880E-6CDD-4FAA-94C8-AC2E3E5C53B1}.Debug|Any CPU.Build.0 = Debug|Any CPU
		{25FB880E-6CDD-4FAA-94C8-AC2E3E5C53B1}.Release|Any CPU.ActiveCfg = Release|Any CPU
		{25FB880E-6CDD-4FAA-94C8-AC2E3E5C53B1}.Release|Any CPU.Build.0 = Release|Any CPU
		{E7229C2D-2A9C-4C7A-8071-17F5EC2424DC}.Debug|Any CPU.ActiveCfg = Debug|Any CPU
		{E7229C2D-2A9C-4C7A-8071-17F5EC2424DC}.Debug|Any CPU.Build.0 = Debug|Any CPU
		{E7229C2D-2A9C-4C7A-8071-17F5EC2424DC}.Release|Any CPU.ActiveCfg = Release|Any CPU
		{E7229C2D-2A9C-4C7A-8071-17F5EC2424DC}.Release|Any CPU.Build.0 = Release|Any CPU
		{CE664E4F-8933-422C-BF70-1F8D11BA9DE1}.Debug|Any CPU.ActiveCfg = Debug|Any CPU
		{CE664E4F-8933-422C-BF70-1F8D11BA9DE1}.Debug|Any CPU.Build.0 = Debug|Any CPU
		{CE664E4F-8933-422C-BF70-1F8D11BA9DE1}.Release|Any CPU.ActiveCfg = Release|Any CPU
		{CE664E4F-8933-422C-BF70-1F8D11BA9DE1}.Release|Any CPU.Build.0 = Release|Any CPU
		{3BDB2CF6-C855-4D09-81D9-9AD2DBE4A376}.Debug|Any CPU.ActiveCfg = Debug|Any CPU
		{3BDB2CF6-C855-4D09-81D9-9AD2DBE4A376}.Debug|Any CPU.Build.0 = Debug|Any CPU
		{3BDB2CF6-C855-4D09-81D9-9AD2DBE4A376}.Release|Any CPU.ActiveCfg = Release|Any CPU
		{3BDB2CF6-C855-4D09-81D9-9AD2DBE4A376}.Release|Any CPU.Build.0 = Release|Any CPU
	EndGlobalSection
	GlobalSection(SolutionProperties) = preSolution
		HideSolutionNode = FALSE
	EndGlobalSection
	GlobalSection(NestedProjects) = preSolution
		{F08401E3-8CA9-4454-8DE6-8A920DB5921C} = {709AF6D6-FF0E-481D-93C4-31BD34825674}
		{1DC6461E-48AD-4373-8B99-BB15E13AA1DA} = {709AF6D6-FF0E-481D-93C4-31BD34825674}
		{06718359-71D9-4E16-A11D-9C60293EA66B} = {709AF6D6-FF0E-481D-93C4-31BD34825674}
		{B607AFDA-C01C-43C9-A3A5-132C2FC7E674} = {709AF6D6-FF0E-481D-93C4-31BD34825674}
		{3B2385C0-170F-4350-8DE3-F3C6A878D726} = {72BC6B54-F043-4E76-B420-F47280708AA9}
		{84194B83-7294-419E-87A8-8BD28A852D23} = {72BC6B54-F043-4E76-B420-F47280708AA9}
		{25FB880E-6CDD-4FAA-94C8-AC2E3E5C53B1} = {20310A60-4EF4-4BEA-A31D-18374026B22C}
		{E7229C2D-2A9C-4C7A-8071-17F5EC2424DC} = {8B4D2EBF-6FFD-4AEE-8736-27A78513C007}
		{CE664E4F-8933-422C-BF70-1F8D11BA9DE1} = {1D3FAA9E-1977-42C5-AAA1-3F6124C7BF8F}
		{3BDB2CF6-C855-4D09-81D9-9AD2DBE4A376} = {1D3FAA9E-1977-42C5-AAA1-3F6124C7BF8F}
	EndGlobalSection
	GlobalSection(ExtensibilityGlobals) = postSolution
		SolutionGuid = {5D55D455-5476-492F-9504-873F10E3AE5B}
	EndGlobalSection
EndGlobal
